
Microsoft Visual Studio Solution File, Format Version 12.00
# Visual Studio Version 17
VisualStudioVersion = 17.6.33723.286
MinimumVisualStudioVersion = 10.0.40219.1
Project("{FAE04EC0-301F-11D3-BF4B-00C04F79EFBC}") = "NZWalks.API", "NZWalks.API\NZWalks.API.csproj", "{0F17D916-3C89-4603-942E-AEEA071920F3}"
EndProject
Global
	GlobalSection(SolutionConfigurationPlatforms) = preSolution
		Debug|Any CPU = Debug|Any CPU
		Release|Any CPU = Release|Any CPU
	EndGlobalSection
	GlobalSection(ProjectConfigurationPlatforms) = postSolution
		{0F17D916-3C89-4603-942E-AEEA071920F3}.Debug|Any CPU.ActiveCfg = Debug|Any CPU
		{0F17D916-3C89-4603-942E-AEEA071920F3}.Debug|Any CPU.Build.0 = Debug|Any CPU
		{0F17D916-3C89-4603-942E-AEEA071920F3}.Release|Any CPU.ActiveCfg = Release|Any CPU
		{0F17D916-3C89-4603-942E-AEEA071920F3}.Release|Any CPU.Build.0 = Release|Any CPU
	EndGlobalSection
	GlobalSection(SolutionProperties) = preSolution
		HideSolutionNode = FALSE
	EndGlobalSection
	GlobalSection(ExtensibilityGlobals) = postSolution
		SolutionGuid = {8DEC1EF3-3757-4380-82B9-9DB8ECA00550}
	EndGlobalSection
EndGlobal
